
Microsoft Visual Studio Solution File, Format Version 12.00
# Visual Studio 2010
Project("{FAE04EC0-301F-11D3-BF4B-00C04F79EFBC}") = "ParserKit.Core", "ParserKit.Core\ParserKit.Core.csproj", "{34E2BA19-5043-465C-AF6F-5F2E396C3889}"
EndProject
Project("{2150E333-8FDC-42A3-9474-1A3956D46DE8}") = "1_Core", "1_Core", "{68F91D68-C1C1-4B57-8DFA-42C3BC275969}"
EndProject
Project("{2150E333-8FDC-42A3-9474-1A3956D46DE8}") = "0_CodeDom", "0_CodeDom", "{77CC108B-1F7B-433D-8551-DDDED47E2E6F}"
EndProject
Project("{2150E333-8FDC-42A3-9474-1A3956D46DE8}") = "2_CS", "2_CS", "{2975B789-E075-460E-9B9B-CCA5AB9ED05B}"
EndProject
Project("{FAE04EC0-301F-11D3-BF4B-00C04F79EFBC}") = "ParserKit.TestParsers", "ParserKit.TestParsers\ParserKit.TestParsers.csproj", "{F16A52BD-31C1-4AD6-8EC1-BE9257EA5847}"
EndProject
Project("{FAE04EC0-301F-11D3-BF4B-00C04F79EFBC}") = "ParserKit.Lang.CSharp", "ParserKit.Lang.CSharp\ParserKit.Lang.CSharp.csproj", "{28CA452A-FFAB-46E0-B6D2-9CADB2C2A269}"
EndProject
Project("{FAE04EC0-301F-11D3-BF4B-00C04F79EFBC}") = "MonoCecil", "MonoCecil\MonoCecil.csproj", "{45F342B3-0951-4EBA-9785-2E0F9BBB5D61}"
EndProject
Project("{FAE04EC0-301F-11D3-BF4B-00C04F79EFBC}") = "ParserKit.CSharpCodeModel", "ParserKit.CSharpCodeModel\ParserKit.CSharpCodeModel.csproj", "{F2795CA4-5692-462B-9D42-395CDFCF2E66}"
EndProject
Project("{FAE04EC0-301F-11D3-BF4B-00C04F79EFBC}") = "ParserKit.Lang.CSharpNew", "ParserKit.Lang.CSharpNew\ParserKit.Lang.CSharpNew.csproj", "{9CB42ECC-F382-43A7-A742-68EAD377218E}"
EndProject
Global
	GlobalSection(SolutionConfigurationPlatforms) = preSolution
		Debug|Any CPU = Debug|Any CPU
		Debug|Mixed Platforms = Debug|Mixed Platforms
		Debug|x86 = Debug|x86
		net_2_0_Debug|Any CPU = net_2_0_Debug|Any CPU
		net_2_0_Debug|Mixed Platforms = net_2_0_Debug|Mixed Platforms
		net_2_0_Debug|x86 = net_2_0_Debug|x86
		net_2_0_Release|Any CPU = net_2_0_Release|Any CPU
		net_2_0_Release|Mixed Platforms = net_2_0_Release|Mixed Platforms
		net_2_0_Release|x86 = net_2_0_Release|x86
		net_3_5_Debug|Any CPU = net_3_5_Debug|Any CPU
		net_3_5_Debug|Mixed Platforms = net_3_5_Debug|Mixed Platforms
		net_3_5_Debug|x86 = net_3_5_Debug|x86
		net_3_5_Release|Any CPU = net_3_5_Release|Any CPU
		net_3_5_Release|Mixed Platforms = net_3_5_Release|Mixed Platforms
		net_3_5_Release|x86 = net_3_5_Release|x86
		net_4_0_Debug|Any CPU = net_4_0_Debug|Any CPU
		net_4_0_Debug|Mixed Platforms = net_4_0_Debug|Mixed Platforms
		net_4_0_Debug|x86 = net_4_0_Debug|x86
		net_4_0_Release|Any CPU = net_4_0_Release|Any CPU
		net_4_0_Release|Mixed Platforms = net_4_0_Release|Mixed Platforms
		net_4_0_Release|x86 = net_4_0_Release|x86
		net_4_5_Debug|Any CPU = net_4_5_Debug|Any CPU
		net_4_5_Debug|Mixed Platforms = net_4_5_Debug|Mixed Platforms
		net_4_5_Debug|x86 = net_4_5_Debug|x86
		net_4_5_Release|Any CPU = net_4_5_Release|Any CPU
		net_4_5_Release|Mixed Platforms = net_4_5_Release|Mixed Platforms
		net_4_5_Release|x86 = net_4_5_Release|x86
		Release|Any CPU = Release|Any CPU
		Release|Mixed Platforms = Release|Mixed Platforms
		Release|x86 = Release|x86
		silverlight_Debug|Any CPU = silverlight_Debug|Any CPU
		silverlight_Debug|Mixed Platforms = silverlight_Debug|Mixed Platforms
		silverlight_Debug|x86 = silverlight_Debug|x86
		silverlight_Release|Any CPU = silverlight_Release|Any CPU
		silverlight_Release|Mixed Platforms = silverlight_Release|Mixed Platforms
		silverlight_Release|x86 = silverlight_Release|x86
		winphone_Debug|Any CPU = winphone_Debug|Any CPU
		winphone_Debug|Mixed Platforms = winphone_Debug|Mixed Platforms
		winphone_Debug|x86 = winphone_Debug|x86
		winphone_Release|Any CPU = winphone_Release|Any CPU
		winphone_Release|Mixed Platforms = winphone_Release|Mixed Platforms
		winphone_Release|x86 = winphone_Release|x86
	EndGlobalSection
	GlobalSection(ProjectConfigurationPlatforms) = postSolution
		{34E2BA19-5043-465C-AF6F-5F2E396C3889}.Debug|Any CPU.ActiveCfg = Debug|Any CPU
		{34E2BA19-5043-465C-AF6F-5F2E396C3889}.Debug|Any CPU.Build.0 = Debug|Any CPU
		{34E2BA19-5043-465C-AF6F-5F2E396C3889}.Debug|Mixed Platforms.ActiveCfg = Debug|Any CPU
		{34E2BA19-5043-465C-AF6F-5F2E396C3889}.Debug|Mixed Platforms.Build.0 = Debug|Any CPU
		{34E2BA19-5043-465C-AF6F-5F2E396C3889}.Debug|x86.ActiveCfg = Debug|Any CPU
		{34E2BA19-5043-465C-AF6F-5F2E396C3889}.net_2_0_Debug|Any CPU.ActiveCfg = Debug|Any CPU
		{34E2BA19-5043-465C-AF6F-5F2E396C3889}.net_2_0_Debug|Any CPU.Build.0 = Debug|Any CPU
		{34E2BA19-5043-465C-AF6F-5F2E396C3889}.net_2_0_Debug|Mixed Platforms.ActiveCfg = Debug|Any CPU
		{34E2BA19-5043-465C-AF6F-5F2E396C3889}.net_2_0_Debug|Mixed Platforms.Build.0 = Debug|Any CPU
		{34E2BA19-5043-465C-AF6F-5F2E396C3889}.net_2_0_Debug|x86.ActiveCfg = Debug|Any CPU
		{34E2BA19-5043-465C-AF6F-5F2E396C3889}.net_2_0_Release|Any CPU.ActiveCfg = Release|Any CPU
		{34E2BA19-5043-465C-AF6F-5F2E396C3889}.net_2_0_Release|Any CPU.Build.0 = Release|Any CPU
		{34E2BA19-5043-465C-AF6F-5F2E396C3889}.net_2_0_Release|Mixed Platforms.ActiveCfg = Release|Any CPU
		{34E2BA19-5043-465C-AF6F-5F2E396C3889}.net_2_0_Release|Mixed Platforms.Build.0 = Release|Any CPU
		{34E2BA19-5043-465C-AF6F-5F2E396C3889}.net_2_0_Release|x86.ActiveCfg = Release|Any CPU
		{34E2BA19-5043-465C-AF6F-5F2E396C3889}.net_3_5_Debug|Any CPU.ActiveCfg = Debug|Any CPU
		{34E2BA19-5043-465C-AF6F-5F2E396C3889}.net_3_5_Debug|Any CPU.Build.0 = Debug|Any CPU
		{34E2BA19-5043-465C-AF6F-5F2E396C3889}.net_3_5_Debug|Mixed Platforms.ActiveCfg = Debug|Any CPU
		{34E2BA19-5043-465C-AF6F-5F2E396C3889}.net_3_5_Debug|Mixed Platforms.Build.0 = Debug|Any CPU
		{34E2BA19-5043-465C-AF6F-5F2E396C3889}.net_3_5_Debug|x86.ActiveCfg = Debug|Any CPU
		{34E2BA19-5043-465C-AF6F-5F2E396C3889}.net_3_5_Release|Any CPU.ActiveCfg = Release|Any CPU
		{34E2BA19-5043-465C-AF6F-5F2E396C3889}.net_3_5_Release|Any CPU.Build.0 = Release|Any CPU
		{34E2BA19-5043-465C-AF6F-5F2E396C3889}.net_3_5_Release|Mixed Platforms.ActiveCfg = Release|Any CPU
		{34E2BA19-5043-465C-AF6F-5F2E396C3889}.net_3_5_Release|Mixed Platforms.Build.0 = Release|Any CPU
		{34E2BA19-5043-465C-AF6F-5F2E396C3889}.net_3_5_Release|x86.ActiveCfg = Release|Any CPU
		{34E2BA19-5043-465C-AF6F-5F2E396C3889}.net_4_0_Debug|Any CPU.ActiveCfg = Debug|Any CPU
		{34E2BA19-5043-465C-AF6F-5F2E396C3889}.net_4_0_Debug|Any CPU.Build.0 = Debug|Any CPU
		{34E2BA19-5043-465C-AF6F-5F2E396C3889}.net_4_0_Debug|Mixed Platforms.ActiveCfg = Debug|Any CPU
		{34E2BA19-5043-465C-AF6F-5F2E396C3889}.net_4_0_Debug|Mixed Platforms.Build.0 = Debug|Any CPU
		{34E2BA19-5043-465C-AF6F-5F2E396C3889}.net_4_0_Debug|x86.ActiveCfg = Debug|Any CPU
		{34E2BA19-5043-465C-AF6F-5F2E396C3889}.net_4_0_Release|Any CPU.ActiveCfg = Release|Any CPU
		{34E2BA19-5043-465C-AF6F-5F2E396C3889}.net_4_0_Release|Any CPU.Build.0 = Release|Any CPU
		{34E2BA19-5043-465C-AF6F-5F2E396C3889}.net_4_0_Release|Mixed Platforms.ActiveCfg = Release|Any CPU
		{34E2BA19-5043-465C-AF6F-5F2E396C3889}.net_4_0_Release|Mixed Platforms.Build.0 = Release|Any CPU
		{34E2BA19-5043-465C-AF6F-5F2E396C3889}.net_4_0_Release|x86.ActiveCfg = Release|Any CPU
		{34E2BA19-5043-465C-AF6F-5F2E396C3889}.net_4_5_Debug|Any CPU.ActiveCfg = Debug|Any CPU
		{34E2BA19-5043-465C-AF6F-5F2E396C3889}.net_4_5_Debug|Any CPU.Build.0 = Debug|Any CPU
		{34E2BA19-5043-465C-AF6F-5F2E396C3889}.net_4_5_Debug|Mixed Platforms.ActiveCfg = Debug|Any CPU
		{34E2BA19-5043-465C-AF6F-5F2E396C3889}.net_4_5_Debug|Mixed Platforms.Build.0 = Debug|Any CPU
		{34E2BA19-5043-465C-AF6F-5F2E396C3889}.net_4_5_Debug|x86.ActiveCfg = Debug|Any CPU
		{34E2BA19-5043-465C-AF6F-5F2E396C3889}.net_4_5_Release|Any CPU.ActiveCfg = Release|Any CPU
		{34E2BA19-5043-465C-AF6F-5F2E396C3889}.net_4_5_Release|Any CPU.Build.0 = Release|Any CPU
		{34E2BA19-5043-465C-AF6F-5F2E396C3889}.net_4_5_Release|Mixed Platforms.ActiveCfg = Release|Any CPU
		{34E2BA19-5043-465C-AF6F-5F2E396C3889}.net_4_5_Release|Mixed Platforms.Build.0 = Release|Any CPU
		{34E2BA19-5043-465C-AF6F-5F2E396C3889}.net_4_5_Release|x86.ActiveCfg = Release|Any CPU
		{34E2BA19-5043-465C-AF6F-5F2E396C3889}.Release|Any CPU.ActiveCfg = Release|Any CPU
		{34E2BA19-5043-465C-AF6F-5F2E396C3889}.Release|Any CPU.Build.0 = Release|Any CPU
		{34E2BA19-5043-465C-AF6F-5F2E396C3889}.Release|Mixed Platforms.ActiveCfg = Release|Any CPU
		{34E2BA19-5043-465C-AF6F-5F2E396C3889}.Release|Mixed Platforms.Build.0 = Release|Any CPU
		{34E2BA19-5043-465C-AF6F-5F2E396C3889}.Release|x86.ActiveCfg = Release|Any CPU
		{34E2BA19-5043-465C-AF6F-5F2E396C3889}.silverlight_Debug|Any CPU.ActiveCfg = Debug|Any CPU
		{34E2BA19-5043-465C-AF6F-5F2E396C3889}.silverlight_Debug|Any CPU.Build.0 = Debug|Any CPU
		{34E2BA19-5043-465C-AF6F-5F2E396C3889}.silverlight_Debug|Mixed Platforms.ActiveCfg = Debug|Any CPU
		{34E2BA19-5043-465C-AF6F-5F2E396C3889}.silverlight_Debug|Mixed Platforms.Build.0 = Debug|Any CPU
		{34E2BA19-5043-465C-AF6F-5F2E396C3889}.silverlight_Debug|x86.ActiveCfg = Debug|Any CPU
		{34E2BA19-5043-465C-AF6F-5F2E396C3889}.silverlight_Release|Any CPU.ActiveCfg = Release|Any CPU
		{34E2BA19-5043-465C-AF6F-5F2E396C3889}.silverlight_Release|Any CPU.Build.0 = Release|Any CPU
		{34E2BA19-5043-465C-AF6F-5F2E396C3889}.silverlight_Release|Mixed Platforms.ActiveCfg = Release|Any CPU
		{34E2BA19-5043-465C-AF6F-5F2E396C3889}.silverlight_Release|Mixed Platforms.Build.0 = Release|Any CPU
		{34E2BA19-5043-465C-AF6F-5F2E396C3889}.silverlight_Release|x86.ActiveCfg = Release|Any CPU
		{34E2BA19-5043-465C-AF6F-5F2E396C3889}.winphone_Debug|Any CPU.ActiveCfg = Debug|Any CPU
		{34E2BA19-5043-465C-AF6F-5F2E396C3889}.winphone_Debug|Any CPU.Build.0 = Debug|Any CPU
		{34E2BA19-5043-465C-AF6F-5F2E396C3889}.winphone_Debug|Mixed Platforms.ActiveCfg = Debug|Any CPU
		{34E2BA19-5043-465C-AF6F-5F2E396C3889}.winphone_Debug|Mixed Platforms.Build.0 = Debug|Any CPU
		{34E2BA19-5043-465C-AF6F-5F2E396C3889}.winphone_Debug|x86.ActiveCfg = Debug|Any CPU
		{34E2BA19-5043-465C-AF6F-5F2E396C3889}.winphone_Release|Any CPU.ActiveCfg = Release|Any CPU
		{34E2BA19-5043-465C-AF6F-5F2E396C3889}.winphone_Release|Any CPU.Build.0 = Release|Any CPU
		{34E2BA19-5043-465C-AF6F-5F2E396C3889}.winphone_Release|Mixed Platforms.ActiveCfg = Release|Any CPU
		{34E2BA19-5043-465C-AF6F-5F2E396C3889}.winphone_Release|Mixed Platforms.Build.0 = Release|Any CPU
		{34E2BA19-5043-465C-AF6F-5F2E396C3889}.winphone_Release|x86.ActiveCfg = Release|Any CPU
		{F16A52BD-31C1-4AD6-8EC1-BE9257EA5847}.Debug|Any CPU.ActiveCfg = Debug|x86
		{F16A52BD-31C1-4AD6-8EC1-BE9257EA5847}.Debug|Mixed Platforms.ActiveCfg = Debug|x86
		{F16A52BD-31C1-4AD6-8EC1-BE9257EA5847}.Debug|Mixed Platforms.Build.0 = Debug|x86
		{F16A52BD-31C1-4AD6-8EC1-BE9257EA5847}.Debug|x86.ActiveCfg = Debug|x86
		{F16A52BD-31C1-4AD6-8EC1-BE9257EA5847}.Debug|x86.Build.0 = Debug|x86
		{F16A52BD-31C1-4AD6-8EC1-BE9257EA5847}.net_2_0_Debug|Any CPU.ActiveCfg = Debug|x86
		{F16A52BD-31C1-4AD6-8EC1-BE9257EA5847}.net_2_0_Debug|Mixed Platforms.ActiveCfg = Debug|x86
		{F16A52BD-31C1-4AD6-8EC1-BE9257EA5847}.net_2_0_Debug|Mixed Platforms.Build.0 = Debug|x86
		{F16A52BD-31C1-4AD6-8EC1-BE9257EA5847}.net_2_0_Debug|x86.ActiveCfg = Debug|x86
		{F16A52BD-31C1-4AD6-8EC1-BE9257EA5847}.net_2_0_Debug|x86.Build.0 = Debug|x86
		{F16A52BD-31C1-4AD6-8EC1-BE9257EA5847}.net_2_0_Release|Any CPU.ActiveCfg = Release|x86
		{F16A52BD-31C1-4AD6-8EC1-BE9257EA5847}.net_2_0_Release|Mixed Platforms.ActiveCfg = Release|x86
		{F16A52BD-31C1-4AD6-8EC1-BE9257EA5847}.net_2_0_Release|Mixed Platforms.Build.0 = Release|x86
		{F16A52BD-31C1-4AD6-8EC1-BE9257EA5847}.net_2_0_Release|x86.ActiveCfg = Release|x86
		{F16A52BD-31C1-4AD6-8EC1-BE9257EA5847}.net_2_0_Release|x86.Build.0 = Release|x86
		{F16A52BD-31C1-4AD6-8EC1-BE9257EA5847}.net_3_5_Debug|Any CPU.ActiveCfg = Debug|x86
		{F16A52BD-31C1-4AD6-8EC1-BE9257EA5847}.net_3_5_Debug|Mixed Platforms.ActiveCfg = Debug|x86
		{F16A52BD-31C1-4AD6-8EC1-BE9257EA5847}.net_3_5_Debug|Mixed Platforms.Build.0 = Debug|x86
		{F16A52BD-31C1-4AD6-8EC1-BE9257EA5847}.net_3_5_Debug|x86.ActiveCfg = Debug|x86
		{F16A52BD-31C1-4AD6-8EC1-BE9257EA5847}.net_3_5_Debug|x86.Build.0 = Debug|x86
		{F16A52BD-31C1-4AD6-8EC1-BE9257EA5847}.net_3_5_Release|Any CPU.ActiveCfg = Release|x86
		{F16A52BD-31C1-4AD6-8EC1-BE9257EA5847}.net_3_5_Release|Mixed Platforms.ActiveCfg = Release|x86
		{F16A52BD-31C1-4AD6-8EC1-BE9257EA5847}.net_3_5_Release|Mixed Platforms.Build.0 = Release|x86
		{F16A52BD-31C1-4AD6-8EC1-BE9257EA5847}.net_3_5_Release|x86.ActiveCfg = Release|x86
		{F16A52BD-31C1-4AD6-8EC1-BE9257EA5847}.net_3_5_Release|x86.Build.0 = Release|x86
		{F16A52BD-31C1-4AD6-8EC1-BE9257EA5847}.net_4_0_Debug|Any CPU.ActiveCfg = Debug|x86
		{F16A52BD-31C1-4AD6-8EC1-BE9257EA5847}.net_4_0_Debug|Mixed Platforms.ActiveCfg = Debug|x86
		{F16A52BD-31C1-4AD6-8EC1-BE9257EA5847}.net_4_0_Debug|Mixed Platforms.Build.0 = Debug|x86
		{F16A52BD-31C1-4AD6-8EC1-BE9257EA5847}.net_4_0_Debug|x86.ActiveCfg = Debug|x86
		{F16A52BD-31C1-4AD6-8EC1-BE9257EA5847}.net_4_0_Debug|x86.Build.0 = Debug|x86
		{F16A52BD-31C1-4AD6-8EC1-BE9257EA5847}.net_4_0_Release|Any CPU.ActiveCfg = Release|x86
		{F16A52BD-31C1-4AD6-8EC1-BE9257EA5847}.net_4_0_Release|Mixed Platforms.ActiveCfg = Release|x86
		{F16A52BD-31C1-4AD6-8EC1-BE9257EA5847}.net_4_0_Release|Mixed Platforms.Build.0 = Release|x86
		{F16A52BD-31C1-4AD6-8EC1-BE9257EA5847}.net_4_0_Release|x86.ActiveCfg = Release|x86
		{F16A52BD-31C1-4AD6-8EC1-BE9257EA5847}.net_4_0_Release|x86.Build.0 = Release|x86
		{F16A52BD-31C1-4AD6-8EC1-BE9257EA5847}.net_4_5_Debug|Any CPU.ActiveCfg = Debug|x86
		{F16A52BD-31C1-4AD6-8EC1-BE9257EA5847}.net_4_5_Debug|Mixed Platforms.ActiveCfg = Debug|x86
		{F16A52BD-31C1-4AD6-8EC1-BE9257EA5847}.net_4_5_Debug|Mixed Platforms.Build.0 = Debug|x86
		{F16A52BD-31C1-4AD6-8EC1-BE9257EA5847}.net_4_5_Debug|x86.ActiveCfg = Debug|x86
		{F16A52BD-31C1-4AD6-8EC1-BE9257EA5847}.net_4_5_Debug|x86.Build.0 = Debug|x86
		{F16A52BD-31C1-4AD6-8EC1-BE9257EA5847}.net_4_5_Release|Any CPU.ActiveCfg = Release|x86
		{F16A52BD-31C1-4AD6-8EC1-BE9257EA5847}.net_4_5_Release|Mixed Platforms.ActiveCfg = Release|x86
		{F16A52BD-31C1-4AD6-8EC1-BE9257EA5847}.net_4_5_Release|Mixed Platforms.Build.0 = Release|x86
		{F16A52BD-31C1-4AD6-8EC1-BE9257EA5847}.net_4_5_Release|x86.ActiveCfg = Release|x86
		{F16A52BD-31C1-4AD6-8EC1-BE9257EA5847}.net_4_5_Release|x86.Build.0 = Release|x86
		{F16A52BD-31C1-4AD6-8EC1-BE9257EA5847}.Release|Any CPU.ActiveCfg = Release|x86
		{F16A52BD-31C1-4AD6-8EC1-BE9257EA5847}.Release|Mixed Platforms.ActiveCfg = Release|x86
		{F16A52BD-31C1-4AD6-8EC1-BE9257EA5847}.Release|Mixed Platforms.Build.0 = Release|x86
		{F16A52BD-31C1-4AD6-8EC1-BE9257EA5847}.Release|x86.ActiveCfg = Release|x86
		{F16A52BD-31C1-4AD6-8EC1-BE9257EA5847}.Release|x86.Build.0 = Release|x86
		{F16A52BD-31C1-4AD6-8EC1-BE9257EA5847}.silverlight_Debug|Any CPU.ActiveCfg = Debug|x86
		{F16A52BD-31C1-4AD6-8EC1-BE9257EA5847}.silverlight_Debug|Mixed Platforms.ActiveCfg = Debug|x86
		{F16A52BD-31C1-4AD6-8EC1-BE9257EA5847}.silverlight_Debug|Mixed Platforms.Build.0 = Debug|x86
		{F16A52BD-31C1-4AD6-8EC1-BE9257EA5847}.silverlight_Debug|x86.ActiveCfg = Debug|x86
		{F16A52BD-31C1-4AD6-8EC1-BE9257EA5847}.silverlight_Debug|x86.Build.0 = Debug|x86
		{F16A52BD-31C1-4AD6-8EC1-BE9257EA5847}.silverlight_Release|Any CPU.ActiveCfg = Release|x86
		{F16A52BD-31C1-4AD6-8EC1-BE9257EA5847}.silverlight_Release|Mixed Platforms.ActiveCfg = Release|x86
		{F16A52BD-31C1-4AD6-8EC1-BE9257EA5847}.silverlight_Release|Mixed Platforms.Build.0 = Release|x86
		{F16A52BD-31C1-4AD6-8EC1-BE9257EA5847}.silverlight_Release|x86.ActiveCfg = Release|x86
		{F16A52BD-31C1-4AD6-8EC1-BE9257EA5847}.silverlight_Release|x86.Build.0 = Release|x86
		{F16A52BD-31C1-4AD6-8EC1-BE9257EA5847}.winphone_Debug|Any CPU.ActiveCfg = Debug|x86
		{F16A52BD-31C1-4AD6-8EC1-BE9257EA5847}.winphone_Debug|Mixed Platforms.ActiveCfg = Debug|x86
		{F16A52BD-31C1-4AD6-8EC1-BE9257EA5847}.winphone_Debug|Mixed Platforms.Build.0 = Debug|x86
		{F16A52BD-31C1-4AD6-8EC1-BE9257EA5847}.winphone_Debug|x86.ActiveCfg = Debug|x86
		{F16A52BD-31C1-4AD6-8EC1-BE9257EA5847}.winphone_Debug|x86.Build.0 = Debug|x86
		{F16A52BD-31C1-4AD6-8EC1-BE9257EA5847}.winphone_Release|Any CPU.ActiveCfg = Release|x86
		{F16A52BD-31C1-4AD6-8EC1-BE9257EA5847}.winphone_Release|Mixed Platforms.ActiveCfg = Release|x86
		{F16A52BD-31C1-4AD6-8EC1-BE9257EA5847}.winphone_Release|Mixed Platforms.Build.0 = Release|x86
		{F16A52BD-31C1-4AD6-8EC1-BE9257EA5847}.winphone_Release|x86.ActiveCfg = Release|x86
		{F16A52BD-31C1-4AD6-8EC1-BE9257EA5847}.winphone_Release|x86.Build.0 = Release|x86
		{28CA452A-FFAB-46E0-B6D2-9CADB2C2A269}.Debug|Any CPU.ActiveCfg = Debug|Any CPU
		{28CA452A-FFAB-46E0-B6D2-9CADB2C2A269}.Debug|Any CPU.Build.0 = Debug|Any CPU
		{28CA452A-FFAB-46E0-B6D2-9CADB2C2A269}.Debug|Mixed Platforms.ActiveCfg = Debug|Any CPU
		{28CA452A-FFAB-46E0-B6D2-9CADB2C2A269}.Debug|Mixed Platforms.Build.0 = Debug|Any CPU
		{28CA452A-FFAB-46E0-B6D2-9CADB2C2A269}.Debug|x86.ActiveCfg = Debug|Any CPU
		{28CA452A-FFAB-46E0-B6D2-9CADB2C2A269}.net_2_0_Debug|Any CPU.ActiveCfg = Debug|Any CPU
		{28CA452A-FFAB-46E0-B6D2-9CADB2C2A269}.net_2_0_Debug|Any CPU.Build.0 = Debug|Any CPU
		{28CA452A-FFAB-46E0-B6D2-9CADB2C2A269}.net_2_0_Debug|Mixed Platforms.ActiveCfg = Debug|Any CPU
		{28CA452A-FFAB-46E0-B6D2-9CADB2C2A269}.net_2_0_Debug|Mixed Platforms.Build.0 = Debug|Any CPU
		{28CA452A-FFAB-46E0-B6D2-9CADB2C2A269}.net_2_0_Debug|x86.ActiveCfg = Debug|Any CPU
		{28CA452A-FFAB-46E0-B6D2-9CADB2C2A269}.net_2_0_Release|Any CPU.ActiveCfg = Release|Any CPU
		{28CA452A-FFAB-46E0-B6D2-9CADB2C2A269}.net_2_0_Release|Any CPU.Build.0 = Release|Any CPU
		{28CA452A-FFAB-46E0-B6D2-9CADB2C2A269}.net_2_0_Release|Mixed Platforms.ActiveCfg = Release|Any CPU
		{28CA452A-FFAB-46E0-B6D2-9CADB2C2A269}.net_2_0_Release|Mixed Platforms.Build.0 = Release|Any CPU
		{28CA452A-FFAB-46E0-B6D2-9CADB2C2A269}.net_2_0_Release|x86.ActiveCfg = Release|Any CPU
		{28CA452A-FFAB-46E0-B6D2-9CADB2C2A269}.net_3_5_Debug|Any CPU.ActiveCfg = Debug|Any CPU
		{28CA452A-FFAB-46E0-B6D2-9CADB2C2A269}.net_3_5_Debug|Any CPU.Build.0 = Debug|Any CPU
		{28CA452A-FFAB-46E0-B6D2-9CADB2C2A269}.net_3_5_Debug|Mixed Platforms.ActiveCfg = Debug|Any CPU
		{28CA452A-FFAB-46E0-B6D2-9CADB2C2A269}.net_3_5_Debug|Mixed Platforms.Build.0 = Debug|Any CPU
		{28CA452A-FFAB-46E0-B6D2-9CADB2C2A269}.net_3_5_Debug|x86.ActiveCfg = Debug|Any CPU
		{28CA452A-FFAB-46E0-B6D2-9CADB2C2A269}.net_3_5_Release|Any CPU.ActiveCfg = Release|Any CPU
		{28CA452A-FFAB-46E0-B6D2-9CADB2C2A269}.net_3_5_Release|Any CPU.Build.0 = Release|Any CPU
		{28CA452A-FFAB-46E0-B6D2-9CADB2C2A269}.net_3_5_Release|Mixed Platforms.ActiveCfg = Release|Any CPU
		{28CA452A-FFAB-46E0-B6D2-9CADB2C2A269}.net_3_5_Release|Mixed Platforms.Build.0 = Release|Any CPU
		{28CA452A-FFAB-46E0-B6D2-9CADB2C2A269}.net_3_5_Release|x86.ActiveCfg = Release|Any CPU
		{28CA452A-FFAB-46E0-B6D2-9CADB2C2A269}.net_4_0_Debug|Any CPU.ActiveCfg = Debug|Any CPU
		{28CA452A-FFAB-46E0-B6D2-9CADB2C2A269}.net_4_0_Debug|Any CPU.Build.0 = Debug|Any CPU
		{28CA452A-FFAB-46E0-B6D2-9CADB2C2A269}.net_4_0_Debug|Mixed Platforms.ActiveCfg = Debug|Any CPU
		{28CA452A-FFAB-46E0-B6D2-9CADB2C2A269}.net_4_0_Debug|Mixed Platforms.Build.0 = Debug|Any CPU
		{28CA452A-FFAB-46E0-B6D2-9CADB2C2A269}.net_4_0_Debug|x86.ActiveCfg = Debug|Any CPU
		{28CA452A-FFAB-46E0-B6D2-9CADB2C2A269}.net_4_0_Release|Any CPU.ActiveCfg = Release|Any CPU
		{28CA452A-FFAB-46E0-B6D2-9CADB2C2A269}.net_4_0_Release|Any CPU.Build.0 = Release|Any CPU
		{28CA452A-FFAB-46E0-B6D2-9CADB2C2A269}.net_4_0_Release|Mixed Platforms.ActiveCfg = Release|Any CPU
		{28CA452A-FFAB-46E0-B6D2-9CADB2C2A269}.net_4_0_Release|Mixed Platforms.Build.0 = Release|Any CPU
		{28CA452A-FFAB-46E0-B6D2-9CADB2C2A269}.net_4_0_Release|x86.ActiveCfg = Release|Any CPU
		{28CA452A-FFAB-46E0-B6D2-9CADB2C2A269}.net_4_5_Debug|Any CPU.ActiveCfg = Debug|Any CPU
		{28CA452A-FFAB-46E0-B6D2-9CADB2C2A269}.net_4_5_Debug|Any CPU.Build.0 = Debug|Any CPU
		{28CA452A-FFAB-46E0-B6D2-9CADB2C2A269}.net_4_5_Debug|Mixed Platforms.ActiveCfg = Debug|Any CPU
		{28CA452A-FFAB-46E0-B6D2-9CADB2C2A269}.net_4_5_Debug|Mixed Platforms.Build.0 = Debug|Any CPU
		{28CA452A-FFAB-46E0-B6D2-9CADB2C2A269}.net_4_5_Debug|x86.ActiveCfg = Debug|Any CPU
		{28CA452A-FFAB-46E0-B6D2-9CADB2C2A269}.net_4_5_Release|Any CPU.ActiveCfg = Release|Any CPU
		{28CA452A-FFAB-46E0-B6D2-9CADB2C2A269}.net_4_5_Release|Any CPU.Build.0 = Release|Any CPU
		{28CA452A-FFAB-46E0-B6D2-9CADB2C2A269}.net_4_5_Release|Mixed Platforms.ActiveCfg = Release|Any CPU
		{28CA452A-FFAB-46E0-B6D2-9CADB2C2A269}.net_4_5_Release|Mixed Platforms.Build.0 = Release|Any CPU
		{28CA452A-FFAB-46E0-B6D2-9CADB2C2A269}.net_4_5_Release|x86.ActiveCfg = Release|Any CPU
		{28CA452A-FFAB-46E0-B6D2-9CADB2C2A269}.Release|Any CPU.ActiveCfg = Release|Any CPU
		{28CA452A-FFAB-46E0-B6D2-9CADB2C2A269}.Release|Any CPU.Build.0 = Release|Any CPU
		{28CA452A-FFAB-46E0-B6D2-9CADB2C2A269}.Release|Mixed Platforms.ActiveCfg = Release|Any CPU
		{28CA452A-FFAB-46E0-B6D2-9CADB2C2A269}.Release|Mixed Platforms.Build.0 = Release|Any CPU
		{28CA452A-FFAB-46E0-B6D2-9CADB2C2A269}.Release|x86.ActiveCfg = Release|Any CPU
		{28CA452A-FFAB-46E0-B6D2-9CADB2C2A269}.silverlight_Debug|Any CPU.ActiveCfg = Debug|Any CPU
		{28CA452A-FFAB-46E0-B6D2-9CADB2C2A269}.silverlight_Debug|Any CPU.Build.0 = Debug|Any CPU
		{28CA452A-FFAB-46E0-B6D2-9CADB2C2A269}.silverlight_Debug|Mixed Platforms.ActiveCfg = Debug|Any CPU
		{28CA452A-FFAB-46E0-B6D2-9CADB2C2A269}.silverlight_Debug|Mixed Platforms.Build.0 = Debug|Any CPU
		{28CA452A-FFAB-46E0-B6D2-9CADB2C2A269}.silverlight_Debug|x86.ActiveCfg = Debug|Any CPU
		{28CA452A-FFAB-46E0-B6D2-9CADB2C2A269}.silverlight_Release|Any CPU.ActiveCfg = Release|Any CPU
		{28CA452A-FFAB-46E0-B6D2-9CADB2C2A269}.silverlight_Release|Any CPU.Build.0 = Release|Any CPU
		{28CA452A-FFAB-46E0-B6D2-9CADB2C2A269}.silverlight_Release|Mixed Platforms.ActiveCfg = Release|Any CPU
		{28CA452A-FFAB-46E0-B6D2-9CADB2C2A269}.silverlight_Release|Mixed Platforms.Build.0 = Release|Any CPU
		{28CA452A-FFAB-46E0-B6D2-9CADB2C2A269}.silverlight_Release|x86.ActiveCfg = Release|Any CPU
		{28CA452A-FFAB-46E0-B6D2-9CADB2C2A269}.winphone_Debug|Any CPU.ActiveCfg = Debug|Any CPU
		{28CA452A-FFAB-46E0-B6D2-9CADB2C2A269}.winphone_Debug|Any CPU.Build.0 = Debug|Any CPU
		{28CA452A-FFAB-46E0-B6D2-9CADB2C2A269}.winphone_Debug|Mixed Platforms.ActiveCfg = Debug|Any CPU
		{28CA452A-FFAB-46E0-B6D2-9CADB2C2A269}.winphone_Debug|Mixed Platforms.Build.0 = Debug|Any CPU
		{28CA452A-FFAB-46E0-B6D2-9CADB2C2A269}.winphone_Debug|x86.ActiveCfg = Debug|Any CPU
		{28CA452A-FFAB-46E0-B6D2-9CADB2C2A269}.winphone_Release|Any CPU.ActiveCfg = Release|Any CPU
		{28CA452A-FFAB-46E0-B6D2-9CADB2C2A269}.winphone_Release|Any CPU.Build.0 = Release|Any CPU
		{28CA452A-FFAB-46E0-B6D2-9CADB2C2A269}.winphone_Release|Mixed Platforms.ActiveCfg = Release|Any CPU
		{28CA452A-FFAB-46E0-B6D2-9CADB2C2A269}.winphone_Release|Mixed Platforms.Build.0 = Release|Any CPU
		{28CA452A-FFAB-46E0-B6D2-9CADB2C2A269}.winphone_Release|x86.ActiveCfg = Release|Any CPU
		{45F342B3-0951-4EBA-9785-2E0F9BBB5D61}.Debug|Any CPU.ActiveCfg = Debug|Any CPU
		{45F342B3-0951-4EBA-9785-2E0F9BBB5D61}.Debug|Any CPU.Build.0 = Debug|Any CPU
		{45F342B3-0951-4EBA-9785-2E0F9BBB5D61}.Debug|Mixed Platforms.ActiveCfg = Debug|Any CPU
		{45F342B3-0951-4EBA-9785-2E0F9BBB5D61}.Debug|Mixed Platforms.Build.0 = Debug|Any CPU
		{45F342B3-0951-4EBA-9785-2E0F9BBB5D61}.Debug|x86.ActiveCfg = Debug|Any CPU
		{45F342B3-0951-4EBA-9785-2E0F9BBB5D61}.Debug|x86.Build.0 = Debug|Any CPU
		{45F342B3-0951-4EBA-9785-2E0F9BBB5D61}.net_2_0_Debug|Any CPU.ActiveCfg = Debug|Any CPU
		{45F342B3-0951-4EBA-9785-2E0F9BBB5D61}.net_2_0_Debug|Any CPU.Build.0 = Debug|Any CPU
		{45F342B3-0951-4EBA-9785-2E0F9BBB5D61}.net_2_0_Debug|Mixed Platforms.ActiveCfg = Debug|Any CPU
		{45F342B3-0951-4EBA-9785-2E0F9BBB5D61}.net_2_0_Debug|Mixed Platforms.Build.0 = Debug|Any CPU
		{45F342B3-0951-4EBA-9785-2E0F9BBB5D61}.net_2_0_Debug|x86.ActiveCfg = Debug|Any CPU
		{45F342B3-0951-4EBA-9785-2E0F9BBB5D61}.net_2_0_Debug|x86.Build.0 = Debug|Any CPU
		{45F342B3-0951-4EBA-9785-2E0F9BBB5D61}.net_2_0_Release|Any CPU.ActiveCfg = Release|Any CPU
		{45F342B3-0951-4EBA-9785-2E0F9BBB5D61}.net_2_0_Release|Any CPU.Build.0 = Release|Any CPU
		{45F342B3-0951-4EBA-9785-2E0F9BBB5D61}.net_2_0_Release|Mixed Platforms.ActiveCfg = Release|Any CPU
		{45F342B3-0951-4EBA-9785-2E0F9BBB5D61}.net_2_0_Release|Mixed Platforms.Build.0 = Release|Any CPU
		{45F342B3-0951-4EBA-9785-2E0F9BBB5D61}.net_2_0_Release|x86.ActiveCfg = Release|Any CPU
		{45F342B3-0951-4EBA-9785-2E0F9BBB5D61}.net_2_0_Release|x86.Build.0 = Release|Any CPU
		{45F342B3-0951-4EBA-9785-2E0F9BBB5D61}.net_3_5_Debug|Any CPU.ActiveCfg = Debug|Any CPU
		{45F342B3-0951-4EBA-9785-2E0F9BBB5D61}.net_3_5_Debug|Any CPU.Build.0 = Debug|Any CPU
		{45F342B3-0951-4EBA-9785-2E0F9BBB5D61}.net_3_5_Debug|Mixed Platforms.ActiveCfg = Debug|Any CPU
		{45F342B3-0951-4EBA-9785-2E0F9BBB5D61}.net_3_5_Debug|Mixed Platforms.Build.0 = Debug|Any CPU
		{45F342B3-0951-4EBA-9785-2E0F9BBB5D61}.net_3_5_Debug|x86.ActiveCfg = Debug|Any CPU
		{45F342B3-0951-4EBA-9785-2E0F9BBB5D61}.net_3_5_Debug|x86.Build.0 = Debug|Any CPU
		{45F342B3-0951-4EBA-9785-2E0F9BBB5D61}.net_3_5_Release|Any CPU.ActiveCfg = Release|Any CPU
		{45F342B3-0951-4EBA-9785-2E0F9BBB5D61}.net_3_5_Release|Any CPU.Build.0 = Release|Any CPU
		{45F342B3-0951-4EBA-9785-2E0F9BBB5D61}.net_3_5_Release|Mixed Platforms.ActiveCfg = Release|Any CPU
		{45F342B3-0951-4EBA-9785-2E0F9BBB5D61}.net_3_5_Release|Mixed Platforms.Build.0 = Release|Any CPU
		{45F342B3-0951-4EBA-9785-2E0F9BBB5D61}.net_3_5_Release|x86.ActiveCfg = Release|Any CPU
		{45F342B3-0951-4EBA-9785-2E0F9BBB5D61}.net_3_5_Release|x86.Build.0 = Release|Any CPU
		{45F342B3-0951-4EBA-9785-2E0F9BBB5D61}.net_4_0_Debug|Any CPU.ActiveCfg = Debug|Any CPU
		{45F342B3-0951-4EBA-9785-2E0F9BBB5D61}.net_4_0_Debug|Any CPU.Build.0 = Debug|Any CPU
		{45F342B3-0951-4EBA-9785-2E0F9BBB5D61}.net_4_0_Debug|Mixed Platforms.ActiveCfg = Debug|Any CPU
		{45F342B3-0951-4EBA-9785-2E0F9BBB5D61}.net_4_0_Debug|Mixed Platforms.Build.0 = Debug|Any CPU
		{45F342B3-0951-4EBA-9785-2E0F9BBB5D61}.net_4_0_Debug|x86.ActiveCfg = Debug|Any CPU
		{45F342B3-0951-4EBA-9785-2E0F9BBB5D61}.net_4_0_Debug|x86.Build.0 = Debug|Any CPU
		{45F342B3-0951-4EBA-9785-2E0F9BBB5D61}.net_4_0_Release|Any CPU.ActiveCfg = Release|Any CPU
		{45F342B3-0951-4EBA-9785-2E0F9BBB5D61}.net_4_0_Release|Any CPU.Build.0 = Release|Any CPU
		{45F342B3-0951-4EBA-9785-2E0F9BBB5D61}.net_4_0_Release|Mixed Platforms.ActiveCfg = Release|Any CPU
		{45F342B3-0951-4EBA-9785-2E0F9BBB5D61}.net_4_0_Release|Mixed Platforms.Build.0 = Release|Any CPU
		{45F342B3-0951-4EBA-9785-2E0F9BBB5D61}.net_4_0_Release|x86.ActiveCfg = Release|Any CPU
		{45F342B3-0951-4EBA-9785-2E0F9BBB5D61}.net_4_0_Release|x86.Build.0 = Release|Any CPU
		{45F342B3-0951-4EBA-9785-2E0F9BBB5D61}.net_4_5_Debug|Any CPU.ActiveCfg = Debug|Any CPU
		{45F342B3-0951-4EBA-9785-2E0F9BBB5D61}.net_4_5_Debug|Any CPU.Build.0 = Debug|Any CPU
		{45F342B3-0951-4EBA-9785-2E0F9BBB5D61}.net_4_5_Debug|Mixed Platforms.ActiveCfg = Debug|Any CPU
		{45F342B3-0951-4EBA-9785-2E0F9BBB5D61}.net_4_5_Debug|Mixed Platforms.Build.0 = Debug|Any CPU
		{45F342B3-0951-4EBA-9785-2E0F9BBB5D61}.net_4_5_Debug|x86.ActiveCfg = Debug|Any CPU
		{45F342B3-0951-4EBA-9785-2E0F9BBB5D61}.net_4_5_Debug|x86.Build.0 = Debug|Any CPU
		{45F342B3-0951-4EBA-9785-2E0F9BBB5D61}.net_4_5_Release|Any CPU.ActiveCfg = Release|Any CPU
		{45F342B3-0951-4EBA-9785-2E0F9BBB5D61}.net_4_5_Release|Any CPU.Build.0 = Release|Any CPU
		{45F342B3-0951-4EBA-9785-2E0F9BBB5D61}.net_4_5_Release|Mixed Platforms.ActiveCfg = Release|Any CPU
		{45F342B3-0951-4EBA-9785-2E0F9BBB5D61}.net_4_5_Release|Mixed Platforms.Build.0 = Release|Any CPU
		{45F342B3-0951-4EBA-9785-2E0F9BBB5D61}.net_4_5_Release|x86.ActiveCfg = Release|Any CPU
		{45F342B3-0951-4EBA-9785-2E0F9BBB5D61}.net_4_5_Release|x86.Build.0 = Release|Any CPU
		{45F342B3-0951-4EBA-9785-2E0F9BBB5D61}.Release|Any CPU.ActiveCfg = Release|Any CPU
		{45F342B3-0951-4EBA-9785-2E0F9BBB5D61}.Release|Any CPU.Build.0 = Release|Any CPU
		{45F342B3-0951-4EBA-9785-2E0F9BBB5D61}.Release|Mixed Platforms.ActiveCfg = Release|Any CPU
		{45F342B3-0951-4EBA-9785-2E0F9BBB5D61}.Release|Mixed Platforms.Build.0 = Release|Any CPU
		{45F342B3-0951-4EBA-9785-2E0F9BBB5D61}.Release|x86.ActiveCfg = Release|Any CPU
		{45F342B3-0951-4EBA-9785-2E0F9BBB5D61}.Release|x86.Build.0 = Release|Any CPU
		{45F342B3-0951-4EBA-9785-2E0F9BBB5D61}.silverlight_Debug|Any CPU.ActiveCfg = Debug|Any CPU
		{45F342B3-0951-4EBA-9785-2E0F9BBB5D61}.silverlight_Debug|Any CPU.Build.0 = Debug|Any CPU
		{45F342B3-0951-4EBA-9785-2E0F9BBB5D61}.silverlight_Debug|Mixed Platforms.ActiveCfg = Debug|Any CPU
		{45F342B3-0951-4EBA-9785-2E0F9BBB5D61}.silverlight_Debug|Mixed Platforms.Build.0 = Debug|Any CPU
		{45F342B3-0951-4EBA-9785-2E0F9BBB5D61}.silverlight_Debug|x86.ActiveCfg = Debug|Any CPU
		{45F342B3-0951-4EBA-9785-2E0F9BBB5D61}.silverlight_Debug|x86.Build.0 = Debug|Any CPU
		{45F342B3-0951-4EBA-9785-2E0F9BBB5D61}.silverlight_Release|Any CPU.ActiveCfg = Release|Any CPU
		{45F342B3-0951-4EBA-9785-2E0F9BBB5D61}.silverlight_Release|Any CPU.Build.0 = Release|Any CPU
		{45F342B3-0951-4EBA-9785-2E0F9BBB5D61}.silverlight_Release|Mixed Platforms.ActiveCfg = Release|Any CPU
		{45F342B3-0951-4EBA-9785-2E0F9BBB5D61}.silverlight_Release|Mixed Platforms.Build.0 = Release|Any CPU
		{45F342B3-0951-4EBA-9785-2E0F9BBB5D61}.silverlight_Release|x86.ActiveCfg = Release|Any CPU
		{45F342B3-0951-4EBA-9785-2E0F9BBB5D61}.silverlight_Release|x86.Build.0 = Release|Any CPU
		{45F342B3-0951-4EBA-9785-2E0F9BBB5D61}.winphone_Debug|Any CPU.ActiveCfg = Debug|Any CPU
		{45F342B3-0951-4EBA-9785-2E0F9BBB5D61}.winphone_Debug|Any CPU.Build.0 = Debug|Any CPU
		{45F342B3-0951-4EBA-9785-2E0F9BBB5D61}.winphone_Debug|Mixed Platforms.ActiveCfg = Debug|Any CPU
		{45F342B3-0951-4EBA-9785-2E0F9BBB5D61}.winphone_Debug|Mixed Platforms.Build.0 = Debug|Any CPU
		{45F342B3-0951-4EBA-9785-2E0F9BBB5D61}.winphone_Debug|x86.ActiveCfg = Debug|Any CPU
		{45F342B3-0951-4EBA-9785-2E0F9BBB5D61}.winphone_Debug|x86.Build.0 = Debug|Any CPU
		{45F342B3-0951-4EBA-9785-2E0F9BBB5D61}.winphone_Release|Any CPU.ActiveCfg = Release|Any CPU
		{45F342B3-0951-4EBA-9785-2E0F9BBB5D61}.winphone_Release|Any CPU.Build.0 = Release|Any CPU
		{45F342B3-0951-4EBA-9785-2E0F9BBB5D61}.winphone_Release|Mixed Platforms.ActiveCfg = Release|Any CPU
		{45F342B3-0951-4EBA-9785-2E0F9BBB5D61}.winphone_Release|Mixed Platforms.Build.0 = Release|Any CPU
		{45F342B3-0951-4EBA-9785-2E0F9BBB5D61}.winphone_Release|x86.ActiveCfg = Release|Any CPU
		{45F342B3-0951-4EBA-9785-2E0F9BBB5D61}.winphone_Release|x86.Build.0 = Release|Any CPU
		{F2795CA4-5692-462B-9D42-395CDFCF2E66}.Debug|Any CPU.ActiveCfg = Debug|Any CPU
		{F2795CA4-5692-462B-9D42-395CDFCF2E66}.Debug|Any CPU.Build.0 = Debug|Any CPU
		{F2795CA4-5692-462B-9D42-395CDFCF2E66}.Debug|Mixed Platforms.ActiveCfg = Debug|Any CPU
		{F2795CA4-5692-462B-9D42-395CDFCF2E66}.Debug|Mixed Platforms.Build.0 = Debug|Any CPU
		{F2795CA4-5692-462B-9D42-395CDFCF2E66}.Debug|x86.ActiveCfg = Debug|Any CPU
		{F2795CA4-5692-462B-9D42-395CDFCF2E66}.net_2_0_Debug|Any CPU.ActiveCfg = Debug|Any CPU
		{F2795CA4-5692-462B-9D42-395CDFCF2E66}.net_2_0_Debug|Any CPU.Build.0 = Debug|Any CPU
		{F2795CA4-5692-462B-9D42-395CDFCF2E66}.net_2_0_Debug|Mixed Platforms.ActiveCfg = Debug|Any CPU
		{F2795CA4-5692-462B-9D42-395CDFCF2E66}.net_2_0_Debug|Mixed Platforms.Build.0 = Debug|Any CPU
		{F2795CA4-5692-462B-9D42-395CDFCF2E66}.net_2_0_Debug|x86.ActiveCfg = Debug|Any CPU
		{F2795CA4-5692-462B-9D42-395CDFCF2E66}.net_2_0_Release|Any CPU.ActiveCfg = Release|Any CPU
		{F2795CA4-5692-462B-9D42-395CDFCF2E66}.net_2_0_Release|Any CPU.Build.0 = Release|Any CPU
		{F2795CA4-5692-462B-9D42-395CDFCF2E66}.net_2_0_Release|Mixed Platforms.ActiveCfg = Release|Any CPU
		{F2795CA4-5692-462B-9D42-395CDFCF2E66}.net_2_0_Release|Mixed Platforms.Build.0 = Release|Any CPU
		{F2795CA4-5692-462B-9D42-395CDFCF2E66}.net_2_0_Release|x86.ActiveCfg = Release|Any CPU
		{F2795CA4-5692-462B-9D42-395CDFCF2E66}.net_3_5_Debug|Any CPU.ActiveCfg = Debug|Any CPU
		{F2795CA4-5692-462B-9D42-395CDFCF2E66}.net_3_5_Debug|Any CPU.Build.0 = Debug|Any CPU
		{F2795CA4-5692-462B-9D42-395CDFCF2E66}.net_3_5_Debug|Mixed Platforms.ActiveCfg = Debug|Any CPU
		{F2795CA4-5692-462B-9D42-395CDFCF2E66}.net_3_5_Debug|Mixed Platforms.Build.0 = Debug|Any CPU
		{F2795CA4-5692-462B-9D42-395CDFCF2E66}.net_3_5_Debug|x86.ActiveCfg = Debug|Any CPU
		{F2795CA4-5692-462B-9D42-395CDFCF2E66}.net_3_5_Release|Any CPU.ActiveCfg = Release|Any CPU
		{F2795CA4-5692-462B-9D42-395CDFCF2E66}.net_3_5_Release|Any CPU.Build.0 = Release|Any CPU
		{F2795CA4-5692-462B-9D42-395CDFCF2E66}.net_3_5_Release|Mixed Platforms.ActiveCfg = Release|Any CPU
		{F2795CA4-5692-462B-9D42-395CDFCF2E66}.net_3_5_Release|Mixed Platforms.Build.0 = Release|Any CPU
		{F2795CA4-5692-462B-9D42-395CDFCF2E66}.net_3_5_Release|x86.ActiveCfg = Release|Any CPU
		{F2795CA4-5692-462B-9D42-395CDFCF2E66}.net_4_0_Debug|Any CPU.ActiveCfg = Debug|Any CPU
		{F2795CA4-5692-462B-9D42-395CDFCF2E66}.net_4_0_Debug|Any CPU.Build.0 = Debug|Any CPU
		{F2795CA4-5692-462B-9D42-395CDFCF2E66}.net_4_0_Debug|Mixed Platforms.ActiveCfg = Debug|Any CPU
		{F2795CA4-5692-462B-9D42-395CDFCF2E66}.net_4_0_Debug|Mixed Platforms.Build.0 = Debug|Any CPU
		{F2795CA4-5692-462B-9D42-395CDFCF2E66}.net_4_0_Debug|x86.ActiveCfg = Debug|Any CPU
		{F2795CA4-5692-462B-9D42-395CDFCF2E66}.net_4_0_Release|Any CPU.ActiveCfg = Release|Any CPU
		{F2795CA4-5692-462B-9D42-395CDFCF2E66}.net_4_0_Release|Any CPU.Build.0 = Release|Any CPU
		{F2795CA4-5692-462B-9D42-395CDFCF2E66}.net_4_0_Release|Mixed Platforms.ActiveCfg = Release|Any CPU
		{F2795CA4-5692-462B-9D42-395CDFCF2E66}.net_4_0_Release|Mixed Platforms.Build.0 = Release|Any CPU
		{F2795CA4-5692-462B-9D42-395CDFCF2E66}.net_4_0_Release|x86.ActiveCfg = Release|Any CPU
		{F2795CA4-5692-462B-9D42-395CDFCF2E66}.net_4_5_Debug|Any CPU.ActiveCfg = Debug|Any CPU
		{F2795CA4-5692-462B-9D42-395CDFCF2E66}.net_4_5_Debug|Any CPU.Build.0 = Debug|Any CPU
		{F2795CA4-5692-462B-9D42-395CDFCF2E66}.net_4_5_Debug|Mixed Platforms.ActiveCfg = Debug|Any CPU
		{F2795CA4-5692-462B-9D42-395CDFCF2E66}.net_4_5_Debug|Mixed Platforms.Build.0 = Debug|Any CPU
		{F2795CA4-5692-462B-9D42-395CDFCF2E66}.net_4_5_Debug|x86.ActiveCfg = Debug|Any CPU
		{F2795CA4-5692-462B-9D42-395CDFCF2E66}.net_4_5_Release|Any CPU.ActiveCfg = Release|Any CPU
		{F2795CA4-5692-462B-9D42-395CDFCF2E66}.net_4_5_Release|Any CPU.Build.0 = Release|Any CPU
		{F2795CA4-5692-462B-9D42-395CDFCF2E66}.net_4_5_Release|Mixed Platforms.ActiveCfg = Release|Any CPU
		{F2795CA4-5692-462B-9D42-395CDFCF2E66}.net_4_5_Release|Mixed Platforms.Build.0 = Release|Any CPU
		{F2795CA4-5692-462B-9D42-395CDFCF2E66}.net_4_5_Release|x86.ActiveCfg = Release|Any CPU
		{F2795CA4-5692-462B-9D42-395CDFCF2E66}.Release|Any CPU.ActiveCfg = Release|Any CPU
		{F2795CA4-5692-462B-9D42-395CDFCF2E66}.Release|Any CPU.Build.0 = Release|Any CPU
		{F2795CA4-5692-462B-9D42-395CDFCF2E66}.Release|Mixed Platforms.ActiveCfg = Release|Any CPU
		{F2795CA4-5692-462B-9D42-395CDFCF2E66}.Release|Mixed Platforms.Build.0 = Release|Any CPU
		{F2795CA4-5692-462B-9D42-395CDFCF2E66}.Release|x86.ActiveCfg = Release|Any CPU
		{F2795CA4-5692-462B-9D42-395CDFCF2E66}.silverlight_Debug|Any CPU.ActiveCfg = Debug|Any CPU
		{F2795CA4-5692-462B-9D42-395CDFCF2E66}.silverlight_Debug|Any CPU.Build.0 = Debug|Any CPU
		{F2795CA4-5692-462B-9D42-395CDFCF2E66}.silverlight_Debug|Mixed Platforms.ActiveCfg = Debug|Any CPU
		{F2795CA4-5692-462B-9D42-395CDFCF2E66}.silverlight_Debug|Mixed Platforms.Build.0 = Debug|Any CPU
		{F2795CA4-5692-462B-9D42-395CDFCF2E66}.silverlight_Debug|x86.ActiveCfg = Debug|Any CPU
		{F2795CA4-5692-462B-9D42-395CDFCF2E66}.silverlight_Release|Any CPU.ActiveCfg = Release|Any CPU
		{F2795CA4-5692-462B-9D42-395CDFCF2E66}.silverlight_Release|Any CPU.Build.0 = Release|Any CPU
		{F2795CA4-5692-462B-9D42-395CDFCF2E66}.silverlight_Release|Mixed Platforms.ActiveCfg = Release|Any CPU
		{F2795CA4-5692-462B-9D42-395CDFCF2E66}.silverlight_Release|Mixed Platforms.Build.0 = Release|Any CPU
		{F2795CA4-5692-462B-9D42-395CDFCF2E66}.silverlight_Release|x86.ActiveCfg = Release|Any CPU
		{F2795CA4-5692-462B-9D42-395CDFCF2E66}.winphone_Debug|Any CPU.ActiveCfg = Debug|Any CPU
		{F2795CA4-5692-462B-9D42-395CDFCF2E66}.winphone_Debug|Any CPU.Build.0 = Debug|Any CPU
		{F2795CA4-5692-462B-9D42-395CDFCF2E66}.winphone_Debug|Mixed Platforms.ActiveCfg = Debug|Any CPU
		{F2795CA4-5692-462B-9D42-395CDFCF2E66}.winphone_Debug|Mixed Platforms.Build.0 = Debug|Any CPU
		{F2795CA4-5692-462B-9D42-395CDFCF2E66}.winphone_Debug|x86.ActiveCfg = Debug|Any CPU
		{F2795CA4-5692-462B-9D42-395CDFCF2E66}.winphone_Release|Any CPU.ActiveCfg = Release|Any CPU
		{F2795CA4-5692-462B-9D42-395CDFCF2E66}.winphone_Release|Any CPU.Build.0 = Release|Any CPU
		{F2795CA4-5692-462B-9D42-395CDFCF2E66}.winphone_Release|Mixed Platforms.ActiveCfg = Release|Any CPU
		{F2795CA4-5692-462B-9D42-395CDFCF2E66}.winphone_Release|Mixed Platforms.Build.0 = Release|Any CPU
		{F2795CA4-5692-462B-9D42-395CDFCF2E66}.winphone_Release|x86.ActiveCfg = Release|Any CPU
		{9CB42ECC-F382-43A7-A742-68EAD377218E}.Debug|Any CPU.ActiveCfg = Debug|Any CPU
		{9CB42ECC-F382-43A7-A742-68EAD377218E}.Debug|Any CPU.Build.0 = Debug|Any CPU
		{9CB42ECC-F382-43A7-A742-68EAD377218E}.Debug|Mixed Platforms.ActiveCfg = Debug|Any CPU
		{9CB42ECC-F382-43A7-A742-68EAD377218E}.Debug|Mixed Platforms.Build.0 = Debug|Any CPU
		{9CB42ECC-F382-43A7-A742-68EAD377218E}.Debug|x86.ActiveCfg = Debug|Any CPU
		{9CB42ECC-F382-43A7-A742-68EAD377218E}.net_2_0_Debug|Any CPU.ActiveCfg = Debug|Any CPU
		{9CB42ECC-F382-43A7-A742-68EAD377218E}.net_2_0_Debug|Any CPU.Build.0 = Debug|Any CPU
		{9CB42ECC-F382-43A7-A742-68EAD377218E}.net_2_0_Debug|Mixed Platforms.ActiveCfg = Debug|Any CPU
		{9CB42ECC-F382-43A7-A742-68EAD377218E}.net_2_0_Debug|Mixed Platforms.Build.0 = Debug|Any CPU
		{9CB42ECC-F382-43A7-A742-68EAD377218E}.net_2_0_Debug|x86.ActiveCfg = Debug|Any CPU
		{9CB42ECC-F382-43A7-A742-68EAD377218E}.net_2_0_Release|Any CPU.ActiveCfg = Release|Any CPU
		{9CB42ECC-F382-43A7-A742-68EAD377218E}.net_2_0_Release|Any CPU.Build.0 = Release|Any CPU
		{9CB42ECC-F382-43A7-A742-68EAD377218E}.net_2_0_Release|Mixed Platforms.ActiveCfg = Release|Any CPU
		{9CB42ECC-F382-43A7-A742-68EAD377218E}.net_2_0_Release|Mixed Platforms.Build.0 = Release|Any CPU
		{9CB42ECC-F382-43A7-A742-68EAD377218E}.net_2_0_Release|x86.ActiveCfg = Release|Any CPU
		{9CB42ECC-F382-43A7-A742-68EAD377218E}.net_3_5_Debug|Any CPU.ActiveCfg = Debug|Any CPU
		{9CB42ECC-F382-43A7-A742-68EAD377218E}.net_3_5_Debug|Any CPU.Build.0 = Debug|Any CPU
		{9CB42ECC-F382-43A7-A742-68EAD377218E}.net_3_5_Debug|Mixed Platforms.ActiveCfg = Debug|Any CPU
		{9CB42ECC-F382-43A7-A742-68EAD377218E}.net_3_5_Debug|Mixed Platforms.Build.0 = Debug|Any CPU
		{9CB42ECC-F382-43A7-A742-68EAD377218E}.net_3_5_Debug|x86.ActiveCfg = Debug|Any CPU
		{9CB42ECC-F382-43A7-A742-68EAD377218E}.net_3_5_Release|Any CPU.ActiveCfg = Release|Any CPU
		{9CB42ECC-F382-43A7-A742-68EAD377218E}.net_3_5_Release|Any CPU.Build.0 = Release|Any CPU
		{9CB42ECC-F382-43A7-A742-68EAD377218E}.net_3_5_Release|Mixed Platforms.ActiveCfg = Release|Any CPU
		{9CB42ECC-F382-43A7-A742-68EAD377218E}.net_3_5_Release|Mixed Platforms.Build.0 = Release|Any CPU
		{9CB42ECC-F382-43A7-A742-68EAD377218E}.net_3_5_Release|x86.ActiveCfg = Release|Any CPU
		{9CB42ECC-F382-43A7-A742-68EAD377218E}.net_4_0_Debug|Any CPU.ActiveCfg = Debug|Any CPU
		{9CB42ECC-F382-43A7-A742-68EAD377218E}.net_4_0_Debug|Any CPU.Build.0 = Debug|Any CPU
		{9CB42ECC-F382-43A7-A742-68EAD377218E}.net_4_0_Debug|Mixed Platforms.ActiveCfg = Debug|Any CPU
		{9CB42ECC-F382-43A7-A742-68EAD377218E}.net_4_0_Debug|Mixed Platforms.Build.0 = Debug|Any CPU
		{9CB42ECC-F382-43A7-A742-68EAD377218E}.net_4_0_Debug|x86.ActiveCfg = Debug|Any CPU
		{9CB42ECC-F382-43A7-A742-68EAD377218E}.net_4_0_Release|Any CPU.ActiveCfg = Release|Any CPU
		{9CB42ECC-F382-43A7-A742-68EAD377218E}.net_4_0_Release|Any CPU.Build.0 = Release|Any CPU
		{9CB42ECC-F382-43A7-A742-68EAD377218E}.net_4_0_Release|Mixed Platforms.ActiveCfg = Release|Any CPU
		{9CB42ECC-F382-43A7-A742-68EAD377218E}.net_4_0_Release|Mixed Platforms.Build.0 = Release|Any CPU
		{9CB42ECC-F382-43A7-A742-68EAD377218E}.net_4_0_Release|x86.ActiveCfg = Release|Any CPU
		{9CB42ECC-F382-43A7-A742-68EAD377218E}.net_4_5_Debug|Any CPU.ActiveCfg = Debug|Any CPU
		{9CB42ECC-F382-43A7-A742-68EAD377218E}.net_4_5_Debug|Any CPU.Build.0 = Debug|Any CPU
		{9CB42ECC-F382-43A7-A742-68EAD377218E}.net_4_5_Debug|Mixed Platforms.ActiveCfg = Debug|Any CPU
		{9CB42ECC-F382-43A7-A742-68EAD377218E}.net_4_5_Debug|Mixed Platforms.Build.0 = Debug|Any CPU
		{9CB42ECC-F382-43A7-A742-68EAD377218E}.net_4_5_Debug|x86.ActiveCfg = Debug|Any CPU
		{9CB42ECC-F382-43A7-A742-68EAD377218E}.net_4_5_Release|Any CPU.ActiveCfg = Release|Any CPU
		{9CB42ECC-F382-43A7-A742-68EAD377218E}.net_4_5_Release|Any CPU.Build.0 = Release|Any CPU
		{9CB42ECC-F382-43A7-A742-68EAD377218E}.net_4_5_Release|Mixed Platforms.ActiveCfg = Release|Any CPU
		{9CB42ECC-F382-43A7-A742-68EAD377218E}.net_4_5_Release|Mixed Platforms.Build.0 = Release|Any CPU
		{9CB42ECC-F382-43A7-A742-68EAD377218E}.net_4_5_Release|x86.ActiveCfg = Release|Any CPU
		{9CB42ECC-F382-43A7-A742-68EAD377218E}.Release|Any CPU.ActiveCfg = Release|Any CPU
		{9CB42ECC-F382-43A7-A742-68EAD377218E}.Release|Any CPU.Build.0 = Release|Any CPU
		{9CB42ECC-F382-43A7-A742-68EAD377218E}.Release|Mixed Platforms.ActiveCfg = Release|Any CPU
		{9CB42ECC-F382-43A7-A742-68EAD377218E}.Release|Mixed Platforms.Build.0 = Release|Any CPU
		{9CB42ECC-F382-43A7-A742-68EAD377218E}.Release|x86.ActiveCfg = Release|Any CPU
		{9CB42ECC-F382-43A7-A742-68EAD377218E}.silverlight_Debug|Any CPU.ActiveCfg = Debug|Any CPU
		{9CB42ECC-F382-43A7-A742-68EAD377218E}.silverlight_Debug|Any CPU.Build.0 = Debug|Any CPU
		{9CB42ECC-F382-43A7-A742-68EAD377218E}.silverlight_Debug|Mixed Platforms.ActiveCfg = Debug|Any CPU
		{9CB42ECC-F382-43A7-A742-68EAD377218E}.silverlight_Debug|Mixed Platforms.Build.0 = Debug|Any CPU
		{9CB42ECC-F382-43A7-A742-68EAD377218E}.silverlight_Debug|x86.ActiveCfg = Debug|Any CPU
		{9CB42ECC-F382-43A7-A742-68EAD377218E}.silverlight_Release|Any CPU.ActiveCfg = Release|Any CPU
		{9CB42ECC-F382-43A7-A742-68EAD377218E}.silverlight_Release|Any CPU.Build.0 = Release|Any CPU
		{9CB42ECC-F382-43A7-A742-68EAD377218E}.silverlight_Release|Mixed Platforms.ActiveCfg = Release|Any CPU
		{9CB42ECC-F382-43A7-A742-68EAD377218E}.silverlight_Release|Mixed Platforms.Build.0 = Release|Any CPU
		{9CB42ECC-F382-43A7-A742-68EAD377218E}.silverlight_Release|x86.ActiveCfg = Release|Any CPU
		{9CB42ECC-F382-43A7-A742-68EAD377218E}.winphone_Debug|Any CPU.ActiveCfg = Debug|Any CPU
		{9CB42ECC-F382-43A7-A742-68EAD377218E}.winphone_Debug|Any CPU.Build.0 = Debug|Any CPU
		{9CB42ECC-F382-43A7-A742-68EAD377218E}.winphone_Debug|Mixed Platforms.ActiveCfg = Debug|Any CPU
		{9CB42ECC-F382-43A7-A742-68EAD377218E}.winphone_Debug|Mixed Platforms.Build.0 = Debug|Any CPU
		{9CB42ECC-F382-43A7-A742-68EAD377218E}.winphone_Debug|x86.ActiveCfg = Debug|Any CPU
		{9CB42ECC-F382-43A7-A742-68EAD377218E}.winphone_Release|Any CPU.ActiveCfg = Release|Any CPU
		{9CB42ECC-F382-43A7-A742-68EAD377218E}.winphone_Release|Any CPU.Build.0 = Release|Any CPU
		{9CB42ECC-F382-43A7-A742-68EAD377218E}.winphone_Release|Mixed Platforms.ActiveCfg = Release|Any CPU
		{9CB42ECC-F382-43A7-A742-68EAD377218E}.winphone_Release|Mixed Platforms.Build.0 = Release|Any CPU
		{9CB42ECC-F382-43A7-A742-68EAD377218E}.winphone_Release|x86.ActiveCfg = Release|Any CPU
	EndGlobalSection
	GlobalSection(SolutionProperties) = preSolution
		HideSolutionNode = FALSE
	EndGlobalSection
	GlobalSection(NestedProjects) = preSolution
		{34E2BA19-5043-465C-AF6F-5F2E396C3889} = {68F91D68-C1C1-4B57-8DFA-42C3BC275969}
		{45F342B3-0951-4EBA-9785-2E0F9BBB5D61} = {68F91D68-C1C1-4B57-8DFA-42C3BC275969}
		{F2795CA4-5692-462B-9D42-395CDFCF2E66} = {77CC108B-1F7B-433D-8551-DDDED47E2E6F}
		{F16A52BD-31C1-4AD6-8EC1-BE9257EA5847} = {2975B789-E075-460E-9B9B-CCA5AB9ED05B}
		{28CA452A-FFAB-46E0-B6D2-9CADB2C2A269} = {2975B789-E075-460E-9B9B-CCA5AB9ED05B}
		{9CB42ECC-F382-43A7-A742-68EAD377218E} = {2975B789-E075-460E-9B9B-CCA5AB9ED05B}
	EndGlobalSection
EndGlobal
